
Microsoft Visual Studio Solution File, Format Version 12.00
# Visual Studio Version 17
VisualStudioVersion = 17.0.31903.59
MinimumVisualStudioVersion = 10.0.40219.1
Project("{FAE04EC0-301F-11D3-BF4B-00C04F79EFBC}") = "keevotec.Contracts", "keevotec.Contracts\keevotec.Contracts.csproj", "{7AD623BA-389F-41CD-8A87-A0FFE51DC9AF}"
EndProject
Project("{FAE04EC0-301F-11D3-BF4B-00C04F79EFBC}") = "keevotec", "keevotec\keevotec.csproj", "{818AA9EB-7398-4B92-8E5C-BB471AC871C6}"
EndProject
Global
	GlobalSection(SolutionConfigurationPlatforms) = preSolution
		Debug|Any CPU = Debug|Any CPU
		Release|Any CPU = Release|Any CPU
	EndGlobalSection
	GlobalSection(SolutionProperties) = preSolution
		HideSolutionNode = FALSE
	EndGlobalSection
	GlobalSection(ProjectConfigurationPlatforms) = postSolution
		{7AD623BA-389F-41CD-8A87-A0FFE51DC9AF}.Debug|Any CPU.ActiveCfg = Debug|Any CPU
		{7AD623BA-389F-41CD-8A87-A0FFE51DC9AF}.Debug|Any CPU.Build.0 = Debug|Any CPU
		{7AD623BA-389F-41CD-8A87-A0FFE51DC9AF}.Release|Any CPU.ActiveCfg = Release|Any CPU
		{7AD623BA-389F-41CD-8A87-A0FFE51DC9AF}.Release|Any CPU.Build.0 = Release|Any CPU
		{818AA9EB-7398-4B92-8E5C-BB471AC871C6}.Debug|Any CPU.ActiveCfg = Debug|Any CPU
		{818AA9EB-7398-4B92-8E5C-BB471AC871C6}.Debug|Any CPU.Build.0 = Debug|Any CPU
		{818AA9EB-7398-4B92-8E5C-BB471AC871C6}.Release|Any CPU.ActiveCfg = Release|Any CPU
		{818AA9EB-7398-4B92-8E5C-BB471AC871C6}.Release|Any CPU.Build.0 = Release|Any CPU
	EndGlobalSection
EndGlobal
